<?xml version="1.0" encoding="utf-8"?>
<Project ToolsVersion="4.0" xmlns="http://schemas.microsoft.com/developer/msbuild/2003">
  <ItemGroup>
    <Filter Include="Source Files">
      <UniqueIdentifier>{4FC737F1-C7A5-4376-A066-2A32D752A2FF}</UniqueIdentifier>
      <Extensions>cpp;c;cc;cxx;def;odl;idl;hpj;bat;asm;asmx</Extensions>
    </Filter>
    <Filter Include="Source Files\common">
      <UniqueIdentifier>{63b2fe11-967e-4d26-ad90-abfd1edb3468}</UniqueIdentifier>
    </Filter>
    <Filter Include="Source Files\sokol">
      <UniqueIdentifier>{c55cea29-e2d9-476d-a3f9-64a94aec9d06}</UniqueIdentifier>
    </Filter>
    <Filter Include="submodules">
      <UniqueIdentifier>{16cc4582-6d40-4e75-84b8-b654f5602d70}</UniqueIdentifier>
    </Filter>
    <Filter Include="submodules\stb">
      <UniqueIdentifier>{a02ea6b3-ea73-4802-a89e-994e38e80b5f}</UniqueIdentifier>
    </Filter>
    <Filter Include="natvis">
      <UniqueIdentifier>{e966c196-540e-4e4f-b01f-f68c039cec72}</UniqueIdentifier>
    </Filter>
    <Filter Include="submodules\pcg32">
      <UniqueIdentifier>{415601ef-5c67-46f4-9c5f-ed59be6222f4}</UniqueIdentifier>
    </Filter>
    <Filter Include="Source Files\os">
      <UniqueIdentifier>{37418151-53ed-48de-bfa8-eb5f9777bf7a}</UniqueIdentifier>
    </Filter>
    <Filter Include="Source Files\containers">
      <UniqueIdentifier>{0471c703-b4a0-48b2-a88b-17e1c2ff16cf}</UniqueIdentifier>
    </Filter>
    <Filter Include="Source Files\quake">
      <UniqueIdentifier>{3c58da36-bb0b-4a52-a788-6b425c649ac6}</UniqueIdentifier>
    </Filter>
    <Filter Include="Source Files\ui">
      <UniqueIdentifier>{20e9139f-eaf6-4e26-8e94-fd200334aaef}</UniqueIdentifier>
    </Filter>
    <Filter Include="submodules\miniz">
      <UniqueIdentifier>{8ae0fe3d-e5d0-49ee-848a-279491037880}</UniqueIdentifier>
    </Filter>
    <Filter Include="Source Files\math">
      <UniqueIdentifier>{271e761d-17f4-4faa-9c1f-7f758b86cb0e}</UniqueIdentifier>
    </Filter>
    <Filter Include="Source Files\audio">
      <UniqueIdentifier>{a6ffd75a-038e-4c61-a4a3-ff4d0a4983ee}</UniqueIdentifier>
    </Filter>
    <Filter Include="Source Files\input">
      <UniqueIdentifier>{07dbe64d-6caf-45d7-be29-22b7f8513f5a}</UniqueIdentifier>
    </Filter>
    <Filter Include="Source Files\physics">
      <UniqueIdentifier>{5e2003fa-f9d6-4806-bd43-89ab02aca189}</UniqueIdentifier>
    </Filter>
    <Filter Include="Source Files\rendering">
      <UniqueIdentifier>{2eef6a91-18fc-4cdd-bb98-7d10c2a37c19}</UniqueIdentifier>
    </Filter>
    <Filter Include="Source Files\threading">
      <UniqueIdentifier>{72b4bbbe-00bd-454a-9e8c-ec4674c3d58c}</UniqueIdentifier>
    </Filter>
    <Filter Include="Source Files\allocator">
      <UniqueIdentifier>{ea6d353a-3b51-48c5-bfb7-d0d4f11eddc0}</UniqueIdentifier>
    </Filter>
    <Filter Include="Source Files\assets">
      <UniqueIdentifier>{4d54bb06-ee32-4c09-a404-749041fe8847}</UniqueIdentifier>
    </Filter>
    <Filter Include="submodules\stackwalker">
      <UniqueIdentifier>{e0456328-7388-42da-a262-d62c91264225}</UniqueIdentifier>
    </Filter>
    <Filter Include="submodules\tlsf">
      <UniqueIdentifier>{a5fc4c19-dc35-45aa-95d5-c09346c1ec2f}</UniqueIdentifier>
    </Filter>
    <Filter Include="Source Files\io">
      <UniqueIdentifier>{4c250d55-1045-4e19-b5a6-0035df0c0b50}</UniqueIdentifier>
    </Filter>
    <Filter Include="Source Files\logic">
      <UniqueIdentifier>{5c0aac3a-9ecf-4f94-90e6-20926650d973}</UniqueIdentifier>
    </Filter>
    <Filter Include="Source Files\editor">
      <UniqueIdentifier>{a70292de-f5f7-457a-8dfc-6d748d575523}</UniqueIdentifier>
    </Filter>
    <Filter Include="Source Files\stb">
      <UniqueIdentifier>{f3ae00c2-b0e0-474e-89ce-c21c348648da}</UniqueIdentifier>
    </Filter>
    <Filter Include="Source Files\tools">
      <UniqueIdentifier>{3fe89d79-6fd4-4597-b02f-272e0421ff2c}</UniqueIdentifier>
    </Filter>
    <Filter Include="Source Files\rendering\vulkan">
      <UniqueIdentifier>{fb1eb6df-deb9-4930-a51f-3707a65a959a}</UniqueIdentifier>
    </Filter>
    <Filter Include="submodules\volk">
      <UniqueIdentifier>{d7b9c75b-9e91-47df-94bc-47c003fcb8d3}</UniqueIdentifier>
    </Filter>
    <Filter Include="submodules\glfw">
      <UniqueIdentifier>{f25fabc8-b42f-4178-a964-a09644376f41}</UniqueIdentifier>
    </Filter>
    <Filter Include="submodules\oidn">
      <UniqueIdentifier>{6139d478-1b51-480e-843f-481a900aee71}</UniqueIdentifier>
    </Filter>
    <Filter Include="submodules\embree">
      <UniqueIdentifier>{c52b45d7-a05a-4f39-8943-31ea31899e56}</UniqueIdentifier>
    </Filter>
    <Filter Include="Source Files\shaders">
      <UniqueIdentifier>{bd919a66-3aa2-47d8-8fab-3c2c7d04e07d}</UniqueIdentifier>
    </Filter>
    <Filter Include="submodules\vma">
      <UniqueIdentifier>{17a2b635-7f71-41ca-8b8d-f15404b52a1a}</UniqueIdentifier>
    </Filter>
  </ItemGroup>
  <ItemGroup>
    <ClCompile Include="..\src\sokol\sokol_audio.c">
      <Filter>Source Files\sokol</Filter>
    </ClCompile>
    <ClCompile Include="..\src\sokol\sokol_time.c">
      <Filter>Source Files\sokol</Filter>
    </ClCompile>
    <ClCompile Include="..\submodules\stb\stb_vorbis.c">
      <Filter>submodules\stb</Filter>
    </ClCompile>
    <ClCompile Include="..\submodules\miniz\miniz.c">
      <Filter>submodules\miniz</Filter>
    </ClCompile>
    <ClCompile Include="..\submodules\stackwalker\StackWalker.cpp">
      <Filter>submodules\stackwalker</Filter>
    </ClCompile>
    <ClCompile Include="..\submodules\tlsf\tlsf.c">
      <Filter>submodules\tlsf</Filter>
    </ClCompile>
    <ClCompile Include="..\src\common\cvar.c">
      <Filter>Source Files\common</Filter>
    </ClCompile>
    <ClCompile Include="..\src\common\atomics.cpp">
      <Filter>Source Files\common</Filter>
    </ClCompile>
    <ClCompile Include="..\src\allocator\allocator.c">
      <Filter>Source Files\allocator</Filter>
    </ClCompile>
    <ClCompile Include="..\src\common\stringutil.c">
      <Filter>Source Files\common</Filter>
    </ClCompile>
    <ClCompile Include="..\src\threading\intrin.c">
      <Filter>Source Files\threading</Filter>
    </ClCompile>
    <ClCompile Include="..\src\threading\thread.c">
      <Filter>Source Files\threading</Filter>
    </ClCompile>
    <ClCompile Include="..\src\threading\mutex.c">
      <Filter>Source Files\threading</Filter>
    </ClCompile>
    <ClCompile Include="..\src\threading\semaphore.c">
      <Filter>Source Files\threading</Filter>
    </ClCompile>
    <ClCompile Include="..\src\threading\event.c">
      <Filter>Source Files\threading</Filter>
    </ClCompile>
    <ClCompile Include="..\src\threading\rwlock.c">
      <Filter>Source Files\threading</Filter>
    </ClCompile>
    <ClCompile Include="..\src\containers\ptrqueue.c">
      <Filter>Source Files\containers</Filter>
    </ClCompile>
    <ClCompile Include="..\src\common\time.c">
      <Filter>Source Files\common</Filter>
    </ClCompile>
    <ClCompile Include="..\src\common\random.c">
      <Filter>Source Files\common</Filter>
    </ClCompile>
    <ClCompile Include="..\src\threading\task.c">
      <Filter>Source Files\threading</Filter>
    </ClCompile>
    <ClCompile Include="..\src\containers\int_queue.c">
      <Filter>Source Files\containers</Filter>
    </ClCompile>
    <ClCompile Include="..\src\containers\idset.c">
      <Filter>Source Files\containers</Filter>
    </ClCompile>
    <ClCompile Include="..\src\io\fd.c">
      <Filter>Source Files\io</Filter>
    </ClCompile>
    <ClCompile Include="..\src\io\fstr.c">
      <Filter>Source Files\io</Filter>
    </ClCompile>
    <ClCompile Include="..\src\io\dir.c">
      <Filter>Source Files\io</Filter>
    </ClCompile>
    <ClCompile Include="..\src\io\env.c">
      <Filter>Source Files\io</Filter>
    </ClCompile>
    <ClCompile Include="..\src\io\fnd.c">
      <Filter>Source Files\io</Filter>
    </ClCompile>
    <ClCompile Include="..\src\io\fmap.c">
      <Filter>Source Files\io</Filter>
    </ClCompile>
    <ClCompile Include="..\src\rendering\framebuffer.c">
      <Filter>Source Files\rendering</Filter>
    </ClCompile>
    <ClCompile Include="..\src\common\guid.c">
      <Filter>Source Files\common</Filter>
    </ClCompile>
    <ClCompile Include="..\src\audio\audio_system.c">
      <Filter>Source Files\audio</Filter>
    </ClCompile>
    <ClCompile Include="..\src\input\input_system.c">
      <Filter>Source Files\input</Filter>
    </ClCompile>
    <ClCompile Include="..\src\containers\queue.c">
      <Filter>Source Files\containers</Filter>
    </ClCompile>
    <ClCompile Include="..\src\os\socket.c">
      <Filter>Source Files\os</Filter>
    </ClCompile>
    <ClCompile Include="..\src\main.c">
      <Filter>Source Files</Filter>
    </ClCompile>
    <ClCompile Include="..\src\containers\graph.c">
      <Filter>Source Files\containers</Filter>
    </ClCompile>
    <ClCompile Include="..\src\containers\hash_set.c">
      <Filter>Source Files\containers</Filter>
    </ClCompile>
    <ClCompile Include="..\src\ui\cimgui.cpp">
      <Filter>Source Files\ui</Filter>
    </ClCompile>
    <ClCompile Include="..\src\ui\imgui.cpp">
      <Filter>Source Files\ui</Filter>
    </ClCompile>
    <ClCompile Include="..\src\ui\imgui_demo.cpp">
      <Filter>Source Files\ui</Filter>
    </ClCompile>
    <ClCompile Include="..\src\ui\imgui_draw.cpp">
      <Filter>Source Files\ui</Filter>
    </ClCompile>
    <ClCompile Include="..\src\ui\imgui_widgets.cpp">
      <Filter>Source Files\ui</Filter>
    </ClCompile>
    <ClCompile Include="..\src\assets\asset_system.c">
      <Filter>Source Files\assets</Filter>
    </ClCompile>
    <ClCompile Include="..\src\rendering\render_system.c">
      <Filter>Source Files\rendering</Filter>
    </ClCompile>
    <ClCompile Include="..\src\rendering\camera.c">
      <Filter>Source Files\rendering</Filter>
    </ClCompile>
    <ClCompile Include="..\src\logic\logic.c">
      <Filter>Source Files\logic</Filter>
    </ClCompile>
    <ClCompile Include="..\src\logic\camera_logic.c">
      <Filter>Source Files\logic</Filter>
    </ClCompile>
    <ClCompile Include="..\src\ui\imgui_impl_glfw.cpp">
      <Filter>Source Files\ui</Filter>
    </ClCompile>
    <ClCompile Include="..\src\ui\ui.c">
      <Filter>Source Files\ui</Filter>
    </ClCompile>
    <ClCompile Include="..\src\threading\sleep.c">
      <Filter>Source Files\threading</Filter>
    </ClCompile>
    <ClCompile Include="..\src\rendering\mesh.c">
      <Filter>Source Files\rendering</Filter>
    </ClCompile>
    <ClCompile Include="..\src\rendering\texture.c">
      <Filter>Source Files\rendering</Filter>
    </ClCompile>
    <ClCompile Include="..\src\rendering\screenblit.c">
      <Filter>Source Files\rendering</Filter>
    </ClCompile>
    <ClCompile Include="..\src\containers\dict.c">
      <Filter>Source Files\containers</Filter>
    </ClCompile>
    <ClCompile Include="..\src\common\profiler.c">
      <Filter>Source Files\common</Filter>
    </ClCompile>
    <ClCompile Include="..\src\common\cmd.c">
      <Filter>Source Files\common</Filter>
    </ClCompile>
    <ClCompile Include="..\src\ui\cimgui_ext.c">
      <Filter>Source Files\ui</Filter>
    </ClCompile>
    <ClCompile Include="..\src\editor\editor.c">
      <Filter>Source Files\editor</Filter>
    </ClCompile>
    <ClCompile Include="..\src\editor\menubar.c">
      <Filter>Source Files\editor</Filter>
    </ClCompile>
    <ClCompile Include="..\src\common\console.c">
      <Filter>Source Files\common</Filter>
    </ClCompile>
    <ClCompile Include="..\src\containers\text.c">
      <Filter>Source Files\containers</Filter>
    </ClCompile>
    <ClCompile Include="..\src\common\fnv1a.c">
      <Filter>Source Files\common</Filter>
    </ClCompile>
    <ClCompile Include="..\src\common\find.c">
      <Filter>Source Files\common</Filter>
    </ClCompile>
    <ClCompile Include="..\src\math\cubic_fit.c">
      <Filter>Source Files\math</Filter>
    </ClCompile>
    <ClCompile Include="..\src\math\sphgauss.c">
      <Filter>Source Files\math</Filter>
    </ClCompile>
    <ClCompile Include="..\src\stb\stb_image.c">
      <Filter>Source Files\stb</Filter>
    </ClCompile>
    <ClCompile Include="..\src\rendering\vertex_stage.c">
      <Filter>Source Files\rendering</Filter>
    </ClCompile>
    <ClCompile Include="..\src\rendering\resolve_tile.c">
      <Filter>Source Files\rendering</Filter>
    </ClCompile>
    <ClCompile Include="..\src\rendering\tonemap.c">
      <Filter>Source Files\rendering</Filter>
    </ClCompile>
    <ClCompile Include="..\src\math\lighting.c">
      <Filter>Source Files\math</Filter>
    </ClCompile>
    <ClCompile Include="..\src\rendering\path_tracer.c">
      <Filter>Source Files\rendering</Filter>
    </ClCompile>
    <ClCompile Include="..\src\quake\q_packfile.c">
      <Filter>Source Files\quake</Filter>
    </ClCompile>
    <ClCompile Include="..\src\common\sort.c">
      <Filter>Source Files\common</Filter>
    </ClCompile>
    <ClCompile Include="..\src\quake\q_model.c">
      <Filter>Source Files\quake</Filter>
    </ClCompile>
    <ClCompile Include="..\src\rendering\lights.c">
      <Filter>Source Files\rendering</Filter>
    </ClCompile>
    <ClCompile Include="..\src\rendering\material.c">
      <Filter>Source Files\rendering</Filter>
    </ClCompile>
    <ClCompile Include="..\src\containers\idtable.c">
      <Filter>Source Files\containers</Filter>
    </ClCompile>
    <ClCompile Include="..\src\containers\sdict.c">
      <Filter>Source Files\containers</Filter>
    </ClCompile>
    <ClCompile Include="..\src\rendering\cubemap.c">
      <Filter>Source Files\rendering</Filter>
    </ClCompile>
    <ClCompile Include="..\src\common\library.c">
      <Filter>Source Files\common</Filter>
    </ClCompile>
    <ClCompile Include="..\src\math\ambcube.c">
      <Filter>Source Files\math</Filter>
    </ClCompile>
    <ClCompile Include="..\src\rendering\drawable.c">
      <Filter>Source Files\rendering</Filter>
    </ClCompile>
    <ClCompile Include="..\src\rendering\model.c">
      <Filter>Source Files\rendering</Filter>
    </ClCompile>
    <ClCompile Include="..\src\common\iid.c">
      <Filter>Source Files\common</Filter>
    </ClCompile>
    <ClCompile Include="..\src\containers\strlist.c">
      <Filter>Source Files\containers</Filter>
    </ClCompile>
    <ClCompile Include="..\submodules\volk\volk.c">
      <Filter>submodules\volk</Filter>
    </ClCompile>
    <ClCompile Include="..\src\rendering\vulkan\vkr.c">
      <Filter>Source Files\rendering\vulkan</Filter>
    </ClCompile>
    <ClCompile Include="..\submodules\glfw\src\context.c">
      <Filter>submodules\glfw</Filter>
    </ClCompile>
    <ClCompile Include="..\submodules\glfw\src\init.c">
      <Filter>submodules\glfw</Filter>
    </ClCompile>
    <ClCompile Include="..\submodules\glfw\src\input.c">
      <Filter>submodules\glfw</Filter>
    </ClCompile>
    <ClCompile Include="..\submodules\glfw\src\monitor.c">
      <Filter>submodules\glfw</Filter>
    </ClCompile>
    <ClCompile Include="..\submodules\glfw\src\vulkan.c">
      <Filter>submodules\glfw</Filter>
    </ClCompile>
    <ClCompile Include="..\submodules\glfw\src\win32_init.c">
      <Filter>submodules\glfw</Filter>
    </ClCompile>
    <ClCompile Include="..\submodules\glfw\src\win32_joystick.c">
      <Filter>submodules\glfw</Filter>
    </ClCompile>
    <ClCompile Include="..\submodules\glfw\src\win32_monitor.c">
      <Filter>submodules\glfw</Filter>
    </ClCompile>
    <ClCompile Include="..\submodules\glfw\src\win32_thread.c">
      <Filter>submodules\glfw</Filter>
    </ClCompile>
    <ClCompile Include="..\submodules\glfw\src\win32_time.c">
      <Filter>submodules\glfw</Filter>
    </ClCompile>
    <ClCompile Include="..\submodules\glfw\src\win32_window.c">
      <Filter>submodules\glfw</Filter>
    </ClCompile>
    <ClCompile Include="..\submodules\glfw\src\window.c">
      <Filter>submodules\glfw</Filter>
    </ClCompile>
    <ClCompile Include="..\src\rendering\r_window.c">
      <Filter>Source Files\rendering</Filter>
    </ClCompile>
    <ClCompile Include="..\submodules\glfw\src\egl_context.c">
      <Filter>submodules\glfw</Filter>
    </ClCompile>
    <ClCompile Include="..\submodules\glfw\src\osmesa_context.c">
      <Filter>submodules\glfw</Filter>
    </ClCompile>
    <ClCompile Include="..\submodules\glfw\src\wgl_context.c">
      <Filter>submodules\glfw</Filter>
    </ClCompile>
    <ClCompile Include="..\src\rendering\vulkan\shaderc_table.c">
      <Filter>Source Files\rendering\vulkan</Filter>
    </ClCompile>
    <ClCompile Include="..\src\stb\stb_image_write.c">
      <Filter>Source Files\stb</Filter>
    </ClCompile>
    <ClCompile Include="..\src\containers\vhandle.c">
      <Filter>Source Files\containers</Filter>
    </ClCompile>
    <ClCompile Include="..\src\rendering\lightmap.c">
      <Filter>Source Files\rendering</Filter>
    </ClCompile>
    <ClCompile Include="..\src\rendering\denoise.c">
      <Filter>Source Files\rendering</Filter>
    </ClCompile>
    <ClCompile Include="..\src\threading\taskcpy.c">
      <Filter>Source Files\threading</Filter>
    </ClCompile>
    <ClCompile Include="..\src\rendering\librtc.c">
      <Filter>Source Files\rendering</Filter>
    </ClCompile>
    <ClCompile Include="..\src\containers\table.c">
      <Filter>Source Files\containers</Filter>
    </ClCompile>
    <ClCompile Include="..\src\containers\sset.c">
      <Filter>Source Files\containers</Filter>
    </ClCompile>
    <ClCompile Include="..\src\rendering\rtcdraw.c">
      <Filter>Source Files\rendering</Filter>
    </ClCompile>
    <ClCompile Include="..\src\rendering\mipmap.c">
      <Filter>Source Files\rendering</Filter>
    </ClCompile>
    <ClCompile Include="..\src\rendering\exposure.c">
      <Filter>Source Files\rendering</Filter>
    </ClCompile>
    <ClCompile Include="..\src\math\dist1d.c">
      <Filter>Source Files\math</Filter>
    </ClCompile>
    <ClCompile Include="..\src\stb\stb_perlin_fork.c">
      <Filter>Source Files\stb</Filter>
    </ClCompile>
    <ClCompile Include="..\src\common\serialize.c">
      <Filter>Source Files\common</Filter>
    </ClCompile>
    <ClCompile Include="..\src\logic\progs.c">
      <Filter>Source Files\logic</Filter>
    </ClCompile>
    <ClCompile Include="..\src\rendering\vulkan\vkr_device.c">
      <Filter>Source Files\rendering\vulkan</Filter>
    </ClCompile>
    <ClCompile Include="..\src\rendering\vulkan\vkr_debug.c">
      <Filter>Source Files\rendering\vulkan</Filter>
    </ClCompile>
    <ClCompile Include="..\src\rendering\vulkan\vkr_swapchain.c">
      <Filter>Source Files\rendering\vulkan</Filter>
    </ClCompile>
    <ClCompile Include="..\src\rendering\vulkan\vkr_shader.c">
      <Filter>Source Files\rendering\vulkan</Filter>
    </ClCompile>
    <ClCompile Include="..\src\rendering\vulkan\vkr_pipeline.c">
      <Filter>Source Files\rendering\vulkan</Filter>
    </ClCompile>
    <ClCompile Include="..\src\rendering\vulkan\vkr_renderpass.c">
      <Filter>Source Files\rendering\vulkan</Filter>
    </ClCompile>
    <ClCompile Include="..\src\rendering\vulkan\vkr_compile.c">
      <Filter>Source Files\rendering\vulkan</Filter>
    </ClCompile>
    <ClCompile Include="..\src\rendering\vulkan\vkr_display.c">
      <Filter>Source Files\rendering\vulkan</Filter>
    </ClCompile>
    <ClCompile Include="..\src\rendering\vulkan\vkr_instance.c">
      <Filter>Source Files\rendering\vulkan</Filter>
    </ClCompile>
    <ClCompile Include="..\src\rendering\vulkan\vkr_queue.c">
      <Filter>Source Files\rendering\vulkan</Filter>
    </ClCompile>
    <ClCompile Include="..\src\rendering\vulkan\vkr_cmd.c">
      <Filter>Source Files\rendering\vulkan</Filter>
    </ClCompile>
    <ClCompile Include="..\src\rendering\vulkan\vkr_sync.c">
      <Filter>Source Files\rendering\vulkan</Filter>
    </ClCompile>
    <ClCompile Include="..\src\rendering\vulkan\vk_mem_alloc.cpp">
      <Filter>Source Files\rendering\vulkan</Filter>
    </ClCompile>
    <ClCompile Include="..\src\rendering\vulkan\vkr_mesh.c">
      <Filter>Source Files\rendering\vulkan</Filter>
    </ClCompile>
    <ClCompile Include="..\src\rendering\vulkan\vkr_context.c">
      <Filter>Source Files\rendering\vulkan</Filter>
    </ClCompile>
    <ClCompile Include="..\src\rendering\vulkan\vkr_desc.c">
      <Filter>Source Files\rendering\vulkan</Filter>
    </ClCompile>
    <ClCompile Include="..\src\rendering\vulkan\vkr_mem.c">
      <Filter>Source Files\rendering\vulkan</Filter>
    </ClCompile>
    <ClCompile Include="..\src\rendering\vulkan\vkr_texture.c">
      <Filter>Source Files\rendering\vulkan</Filter>
    </ClCompile>
    <ClCompile Include="..\src\rendering\vulkan\vkr_attachment.c">
      <Filter>Source Files\rendering\vulkan</Filter>
    </ClCompile>
    <ClCompile Include="..\src\rendering\vulkan\vkr_image.c">
      <Filter>Source Files\rendering\vulkan</Filter>
    </ClCompile>
    <ClCompile Include="..\src\rendering\vulkan\vkr_buffer.c">
      <Filter>Source Files\rendering\vulkan</Filter>
    </ClCompile>
    <ClCompile Include="..\src\rendering\vulkan\vkr_mainpass.c">
      <Filter>Source Files\rendering\vulkan</Filter>
    </ClCompile>
    <ClCompile Include="..\src\rendering\vulkan\vkr_imgui.c">
      <Filter>Source Files\rendering\vulkan</Filter>
    </ClCompile>
  </ItemGroup>
  <ItemGroup>
    <ClInclude Include="..\src\common\macro.h">
      <Filter>Source Files\common</Filter>
    </ClInclude>
    <ClInclude Include="..\submodules\stb\stb.h">
      <Filter>submodules\stb</Filter>
    </ClInclude>
    <ClInclude Include="..\submodules\stb\stb_c_lexer.h">
      <Filter>submodules\stb</Filter>
    </ClInclude>
    <ClInclude Include="..\submodules\stb\stb_connected_components.h">
      <Filter>submodules\stb</Filter>
    </ClInclude>
    <ClInclude Include="..\submodules\stb\stb_divide.h">
      <Filter>submodules\stb</Filter>
    </ClInclude>
    <ClInclude Include="..\submodules\stb\stb_ds.h">
      <Filter>submodules\stb</Filter>
    </ClInclude>
    <ClInclude Include="..\submodules\stb\stb_dxt.h">
      <Filter>submodules\stb</Filter>
    </ClInclude>
    <ClInclude Include="..\submodules\stb\stb_easy_font.h">
      <Filter>submodules\stb</Filter>
    </ClInclude>
    <ClInclude Include="..\submodules\stb\stb_herringbone_wang_tile.h">
      <Filter>submodules\stb</Filter>
    </ClInclude>
    <ClInclude Include="..\submodules\stb\stb_image.h">
      <Filter>submodules\stb</Filter>
    </ClInclude>
    <ClInclude Include="..\submodules\stb\stb_image_resize.h">
      <Filter>submodules\stb</Filter>
    </ClInclude>
    <ClInclude Include="..\submodules\stb\stb_image_write.h">
      <Filter>submodules\stb</Filter>
    </ClInclude>
    <ClInclude Include="..\submodules\stb\stb_include.h">
      <Filter>submodules\stb</Filter>
    </ClInclude>
    <ClInclude Include="..\submodules\stb\stb_leakcheck.h">
      <Filter>submodules\stb</Filter>
    </ClInclude>
    <ClInclude Include="..\submodules\stb\stb_perlin.h">
      <Filter>submodules\stb</Filter>
    </ClInclude>
    <ClInclude Include="..\submodules\stb\stb_rect_pack.h">
      <Filter>submodules\stb</Filter>
    </ClInclude>
    <ClInclude Include="..\submodules\stb\stb_sprintf.h">
      <Filter>submodules\stb</Filter>
    </ClInclude>
    <ClInclude Include="..\submodules\stb\stb_textedit.h">
      <Filter>submodules\stb</Filter>
    </ClInclude>
    <ClInclude Include="..\submodules\stb\stb_tilemap_editor.h">
      <Filter>submodules\stb</Filter>
    </ClInclude>
    <ClInclude Include="..\submodules\stb\stb_truetype.h">
      <Filter>submodules\stb</Filter>
    </ClInclude>
    <ClInclude Include="..\submodules\stb\stb_voxel_render.h">
      <Filter>submodules\stb</Filter>
    </ClInclude>
    <ClInclude Include="..\submodules\stb\stretchy_buffer.h">
      <Filter>submodules\stb</Filter>
    </ClInclude>
    <ClInclude Include="..\src\common\stringutil.h">
      <Filter>Source Files\common</Filter>
    </ClInclude>
    <ClInclude Include="..\submodules\pcg32\pcg32.h">
      <Filter>submodules\pcg32</Filter>
    </ClInclude>
    <ClInclude Include="..\src\common\random.h">
      <Filter>Source Files\common</Filter>
    </ClInclude>
    <ClInclude Include="..\src\os\socket.h">
      <Filter>Source Files\os</Filter>
    </ClInclude>
    <ClInclude Include="..\src\ui\imgui.h">
      <Filter>Source Files\ui</Filter>
    </ClInclude>
    <ClInclude Include="..\src\ui\imconfig.h">
      <Filter>Source Files\ui</Filter>
    </ClInclude>
    <ClInclude Include="..\submodules\miniz\miniz.h">
      <Filter>submodules\miniz</Filter>
    </ClInclude>
    <ClInclude Include="..\src\common\unroll.h">
      <Filter>Source Files\common</Filter>
    </ClInclude>
    <ClInclude Include="..\src\audio\audio_system.h">
      <Filter>Source Files\audio</Filter>
    </ClInclude>
    <ClInclude Include="..\src\input\input_system.h">
      <Filter>Source Files\input</Filter>
    </ClInclude>
    <ClInclude Include="..\src\rendering\render_system.h">
      <Filter>Source Files\rendering</Filter>
    </ClInclude>
    <ClInclude Include="..\src\rendering\mesh.h">
      <Filter>Source Files\rendering</Filter>
    </ClInclude>
    <ClInclude Include="..\src\common\guid.h">
      <Filter>Source Files\common</Filter>
    </ClInclude>
    <ClInclude Include="..\src\rendering\material.h">
      <Filter>Source Files\rendering</Filter>
    </ClInclude>
    <ClInclude Include="..\src\allocator\allocator.h">
      <Filter>Source Files\allocator</Filter>
    </ClInclude>
    <ClInclude Include="..\src\assets\asset_system.h">
      <Filter>Source Files\assets</Filter>
    </ClInclude>
    <ClInclude Include="..\src\common\valist.h">
      <Filter>Source Files\common</Filter>
    </ClInclude>
    <ClInclude Include="..\src\containers\hash_set.h">
      <Filter>Source Files\containers</Filter>
    </ClInclude>
    <ClInclude Include="..\src\containers\queue.h">
      <Filter>Source Files\containers</Filter>
    </ClInclude>
    <ClInclude Include="..\src\containers\hash_util.h">
      <Filter>Source Files\containers</Filter>
    </ClInclude>
    <ClInclude Include="..\src\common\time.h">
      <Filter>Source Files\common</Filter>
    </ClInclude>
    <ClInclude Include="..\submodules\stackwalker\StackWalker.h">
      <Filter>submodules\stackwalker</Filter>
    </ClInclude>
    <ClInclude Include="..\src\threading\task.h">
      <Filter>Source Files\threading</Filter>
    </ClInclude>
    <ClInclude Include="..\src\containers\graph.h">
      <Filter>Source Files\containers</Filter>
    </ClInclude>
    <ClInclude Include="..\submodules\tlsf\tlsf.h">
      <Filter>submodules\tlsf</Filter>
    </ClInclude>
    <ClInclude Include="..\src\common\cvar.h">
      <Filter>Source Files\common</Filter>
    </ClInclude>
    <ClInclude Include="..\src\containers\ptrqueue.h">
      <Filter>Source Files\containers</Filter>
    </ClInclude>
    <ClInclude Include="..\src\common\atomics.h">
      <Filter>Source Files\common</Filter>
    </ClInclude>
    <ClInclude Include="..\src\threading\intrin.h">
      <Filter>Source Files\threading</Filter>
    </ClInclude>
    <ClInclude Include="..\src\threading\thread.h">
      <Filter>Source Files\threading</Filter>
    </ClInclude>
    <ClInclude Include="..\src\threading\mutex.h">
      <Filter>Source Files\threading</Filter>
    </ClInclude>
    <ClInclude Include="..\src\threading\semaphore.h">
      <Filter>Source Files\threading</Filter>
    </ClInclude>
    <ClInclude Include="..\src\threading\event.h">
      <Filter>Source Files\threading</Filter>
    </ClInclude>
    <ClInclude Include="..\src\threading\rwlock.h">
      <Filter>Source Files\threading</Filter>
    </ClInclude>
    <ClInclude Include="..\src\containers\int_queue.h">
      <Filter>Source Files\containers</Filter>
    </ClInclude>
    <ClInclude Include="..\src\containers\idset.h">
      <Filter>Source Files\containers</Filter>
    </ClInclude>
    <ClInclude Include="..\src\io\fd.h">
      <Filter>Source Files\io</Filter>
    </ClInclude>
    <ClInclude Include="..\src\io\fstr.h">
      <Filter>Source Files\io</Filter>
    </ClInclude>
    <ClInclude Include="..\src\io\dir.h">
      <Filter>Source Files\io</Filter>
    </ClInclude>
    <ClInclude Include="..\src\io\env.h">
      <Filter>Source Files\io</Filter>
    </ClInclude>
    <ClInclude Include="..\src\io\fnd.h">
      <Filter>Source Files\io</Filter>
    </ClInclude>
    <ClInclude Include="..\src\io\fmap.h">
      <Filter>Source Files\io</Filter>
    </ClInclude>
    <ClInclude Include="..\src\rendering\framebuffer.h">
      <Filter>Source Files\rendering</Filter>
    </ClInclude>
    <ClInclude Include="..\src\sokol\sokol_audio.h">
      <Filter>Source Files\sokol</Filter>
    </ClInclude>
    <ClInclude Include="..\src\sokol\sokol_time.h">
      <Filter>Source Files\sokol</Filter>
    </ClInclude>
    <ClInclude Include="..\src\common\fnv1a.h">
      <Filter>Source Files\common</Filter>
    </ClInclude>
    <ClInclude Include="..\src\common\nextpow2.h">
      <Filter>Source Files\common</Filter>
    </ClInclude>
    <ClInclude Include="..\src\math\float4_funcs.h">
      <Filter>Source Files\math</Filter>
    </ClInclude>
    <ClInclude Include="..\src\math\float3_funcs.h">
      <Filter>Source Files\math</Filter>
    </ClInclude>
    <ClInclude Include="..\src\math\float2_funcs.h">
      <Filter>Source Files\math</Filter>
    </ClInclude>
    <ClInclude Include="..\src\rendering\texture.h">
      <Filter>Source Files\rendering</Filter>
    </ClInclude>
    <ClInclude Include="..\src\containers\carray.h">
      <Filter>Source Files\containers</Filter>
    </ClInclude>
    <ClInclude Include="..\src\rendering\constants.h">
      <Filter>Source Files\rendering</Filter>
    </ClInclude>
    <ClInclude Include="..\src\ui\cimgui.h">
      <Filter>Source Files\ui</Filter>
    </ClInclude>
    <ClInclude Include="..\src\ui\imgui_internal.h">
      <Filter>Source Files\ui</Filter>
    </ClInclude>
    <ClInclude Include="..\src\ui\imstb_rectpack.h">
      <Filter>Source Files\ui</Filter>
    </ClInclude>
    <ClInclude Include="..\src\ui\imstb_textedit.h">
      <Filter>Source Files\ui</Filter>
    </ClInclude>
    <ClInclude Include="..\src\ui\imstb_truetype.h">
      <Filter>Source Files\ui</Filter>
    </ClInclude>
    <ClInclude Include="..\src\math\int2_funcs.h">
      <Filter>Source Files\math</Filter>
    </ClInclude>
    <ClInclude Include="..\src\math\scalar.h">
      <Filter>Source Files\math</Filter>
    </ClInclude>
    <ClInclude Include="..\src\math\float4x4_funcs.h">
      <Filter>Source Files\math</Filter>
    </ClInclude>
    <ClInclude Include="..\src\math\types.h">
      <Filter>Source Files\math</Filter>
    </ClInclude>
    <ClInclude Include="..\src\math\float3x3_funcs.h">
      <Filter>Source Files\math</Filter>
    </ClInclude>
    <ClInclude Include="..\src\math\quat_funcs.h">
      <Filter>Source Files\math</Filter>
    </ClInclude>
    <ClInclude Include="..\src\math\sdf.h">
      <Filter>Source Files\math</Filter>
    </ClInclude>
    <ClInclude Include="..\src\rendering\camera.h">
      <Filter>Source Files\rendering</Filter>
    </ClInclude>
    <ClInclude Include="..\src\logic\logic.h">
      <Filter>Source Files\logic</Filter>
    </ClInclude>
    <ClInclude Include="..\src\logic\camera_logic.h">
      <Filter>Source Files\logic</Filter>
    </ClInclude>
    <ClInclude Include="..\src\ui\imgui_impl_glfw.h">
      <Filter>Source Files\ui</Filter>
    </ClInclude>
    <ClInclude Include="..\src\ui\ui.h">
      <Filter>Source Files\ui</Filter>
    </ClInclude>
    <ClInclude Include="..\src\threading\sleep.h">
      <Filter>Source Files\threading</Filter>
    </ClInclude>
    <ClInclude Include="..\src\math\int3_funcs.h">
      <Filter>Source Files\math</Filter>
    </ClInclude>
    <ClInclude Include="..\src\rendering\screenblit.h">
      <Filter>Source Files\rendering</Filter>
    </ClInclude>
    <ClInclude Include="..\src\math\frustum.h">
      <Filter>Source Files\math</Filter>
    </ClInclude>
    <ClInclude Include="..\src\containers\dict.h">
      <Filter>Source Files\containers</Filter>
    </ClInclude>
    <ClInclude Include="..\src\common\profiler.h">
      <Filter>Source Files\common</Filter>
    </ClInclude>
    <ClInclude Include="..\src\common\sort.h">
      <Filter>Source Files\common</Filter>
    </ClInclude>
    <ClInclude Include="..\src\common\cmd.h">
      <Filter>Source Files\common</Filter>
    </ClInclude>
    <ClInclude Include="..\src\ui\cimgui_ext.h">
      <Filter>Source Files\ui</Filter>
    </ClInclude>
    <ClInclude Include="..\src\editor\editor.h">
      <Filter>Source Files\editor</Filter>
    </ClInclude>
    <ClInclude Include="..\src\editor\menubar.h">
      <Filter>Source Files\editor</Filter>
    </ClInclude>
    <ClInclude Include="..\src\containers\carray.c">
      <Filter>Source Files\containers</Filter>
    </ClInclude>
    <ClInclude Include="..\src\common\console.h">
      <Filter>Source Files\common</Filter>
    </ClInclude>
    <ClInclude Include="..\src\containers\text.h">
      <Filter>Source Files\containers</Filter>
    </ClInclude>
    <ClInclude Include="..\src\common\find.h">
      <Filter>Source Files\common</Filter>
    </ClInclude>
    <ClInclude Include="..\src\math\cubic_fit.h">
      <Filter>Source Files\math</Filter>
    </ClInclude>
    <ClInclude Include="..\src\math\sphgauss.h">
      <Filter>Source Files\math</Filter>
    </ClInclude>
    <ClInclude Include="..\src\math\lighting.h">
      <Filter>Source Files\math</Filter>
    </ClInclude>
    <ClInclude Include="..\src\math\sampling.h">
      <Filter>Source Files\math</Filter>
    </ClInclude>
    <ClInclude Include="..\src\rendering\vertex_stage.h">
      <Filter>Source Files\rendering</Filter>
    </ClInclude>
    <ClInclude Include="..\src\rendering\resolve_tile.h">
      <Filter>Source Files\rendering</Filter>
    </ClInclude>
    <ClInclude Include="..\src\rendering\tonemap.h">
      <Filter>Source Files\rendering</Filter>
    </ClInclude>
    <ClInclude Include="..\src\math\color.h">
      <Filter>Source Files\math</Filter>
    </ClInclude>
    <ClInclude Include="..\src\rendering\sampler.h">
      <Filter>Source Files\rendering</Filter>
    </ClInclude>
    <ClInclude Include="..\src\rendering\path_tracer.h">
      <Filter>Source Files\rendering</Filter>
    </ClInclude>
    <ClInclude Include="..\src\quake\q_packfile.h">
      <Filter>Source Files\quake</Filter>
    </ClInclude>
    <ClInclude Include="..\src\quake\q_model.h">
      <Filter>Source Files\quake</Filter>
    </ClInclude>
    <ClInclude Include="..\src\quake\q_bspfile.h">
      <Filter>Source Files\quake</Filter>
    </ClInclude>
    <ClInclude Include="..\src\rendering\lights.h">
      <Filter>Source Files\rendering</Filter>
    </ClInclude>
    <ClInclude Include="..\src\containers\idtable.h">
      <Filter>Source Files\containers</Filter>
    </ClInclude>
    <ClInclude Include="..\src\containers\sdict.h">
      <Filter>Source Files\containers</Filter>
    </ClInclude>
    <ClInclude Include="..\src\math\ambcube.h">
      <Filter>Source Files\math</Filter>
    </ClInclude>
    <ClInclude Include="..\src\rendering\cubemap.h">
      <Filter>Source Files\rendering</Filter>
    </ClInclude>
    <ClInclude Include="..\src\common\library.h">
      <Filter>Source Files\common</Filter>
    </ClInclude>
    <ClInclude Include="..\src\rendering\drawable.h">
      <Filter>Source Files\rendering</Filter>
    </ClInclude>
    <ClInclude Include="..\src\rendering\model.h">
      <Filter>Source Files\rendering</Filter>
    </ClInclude>
    <ClInclude Include="..\src\common\iid.h">
      <Filter>Source Files\common</Filter>
    </ClInclude>
    <ClInclude Include="..\src\math\blending.h">
      <Filter>Source Files\math</Filter>
    </ClInclude>
    <ClInclude Include="..\src\containers\strlist.h">
      <Filter>Source Files\containers</Filter>
    </ClInclude>
    <ClInclude Include="..\submodules\volk\volk.h">
      <Filter>submodules\volk</Filter>
    </ClInclude>
    <ClInclude Include="..\src\rendering\vulkan\vkr.h">
      <Filter>Source Files\rendering\vulkan</Filter>
    </ClInclude>
    <ClInclude Include="..\submodules\glfw\src\internal.h">
      <Filter>submodules\glfw</Filter>
    </ClInclude>
    <ClInclude Include="..\submodules\glfw\src\mappings.h">
      <Filter>submodules\glfw</Filter>
    </ClInclude>
    <ClInclude Include="..\submodules\glfw\src\win32_joystick.h">
      <Filter>submodules\glfw</Filter>
    </ClInclude>
    <ClInclude Include="..\submodules\glfw\src\win32_platform.h">
      <Filter>submodules\glfw</Filter>
    </ClInclude>
    <ClInclude Include="..\submodules\glfw\include\GLFW\glfw3.h">
      <Filter>submodules\glfw</Filter>
    </ClInclude>
    <ClInclude Include="..\submodules\glfw\include\GLFW\glfw3native.h">
      <Filter>submodules\glfw</Filter>
    </ClInclude>
    <ClInclude Include="..\src\rendering\r_window.h">
      <Filter>Source Files\rendering</Filter>
    </ClInclude>
    <ClInclude Include="..\submodules\glfw\src\egl_context.h">
      <Filter>submodules\glfw</Filter>
    </ClInclude>
    <ClInclude Include="..\submodules\glfw\src\osmesa_context.h">
      <Filter>submodules\glfw</Filter>
    </ClInclude>
    <ClInclude Include="..\submodules\glfw\src\wgl_context.h">
      <Filter>submodules\glfw</Filter>
    </ClInclude>
    <ClInclude Include="..\src\rendering\vulkan\shaderc_table.h">
      <Filter>Source Files\rendering\vulkan</Filter>
    </ClInclude>
    <ClInclude Include="..\src\containers\vhandle.h">
      <Filter>Source Files\containers</Filter>
    </ClInclude>
    <ClInclude Include="..\src\rendering\lightmap.h">
      <Filter>Source Files\rendering</Filter>
    </ClInclude>
    <ClInclude Include="..\src\rendering\denoise.h">
      <Filter>Source Files\rendering</Filter>
    </ClInclude>
    <ClInclude Include="..\src\threading\taskcpy.h">
      <Filter>Source Files\threading</Filter>
    </ClInclude>
    <ClInclude Include="..\submodules\oidn\oidn-1.2.0.x64.vc14.windows\include\OpenImageDenoise\oidn.h">
      <Filter>submodules\oidn</Filter>
    </ClInclude>
    <ClInclude Include="..\submodules\oidn\oidn-1.2.0.x64.vc14.windows\include\OpenImageDenoise\version.h">
      <Filter>submodules\oidn</Filter>
    </ClInclude>
    <ClInclude Include="..\submodules\embree\embree-3.10.0.x64.vc14.windows\include\embree3\rtcore.h">
      <Filter>submodules\embree</Filter>
    </ClInclude>
    <ClInclude Include="..\submodules\embree\embree-3.10.0.x64.vc14.windows\include\embree3\rtcore_buffer.h">
      <Filter>submodules\embree</Filter>
    </ClInclude>
    <ClInclude Include="..\submodules\embree\embree-3.10.0.x64.vc14.windows\include\embree3\rtcore_builder.h">
      <Filter>submodules\embree</Filter>
    </ClInclude>
    <ClInclude Include="..\submodules\embree\embree-3.10.0.x64.vc14.windows\include\embree3\rtcore_common.h">
      <Filter>submodules\embree</Filter>
    </ClInclude>
    <ClInclude Include="..\submodules\embree\embree-3.10.0.x64.vc14.windows\include\embree3\rtcore_config.h">
      <Filter>submodules\embree</Filter>
    </ClInclude>
    <ClInclude Include="..\submodules\embree\embree-3.10.0.x64.vc14.windows\include\embree3\rtcore_device.h">
      <Filter>submodules\embree</Filter>
    </ClInclude>
    <ClInclude Include="..\submodules\embree\embree-3.10.0.x64.vc14.windows\include\embree3\rtcore_geometry.h">
      <Filter>submodules\embree</Filter>
    </ClInclude>
    <ClInclude Include="..\submodules\embree\embree-3.10.0.x64.vc14.windows\include\embree3\rtcore_quaternion.h">
      <Filter>submodules\embree</Filter>
    </ClInclude>
    <ClInclude Include="..\submodules\embree\embree-3.10.0.x64.vc14.windows\include\embree3\rtcore_ray.h">
      <Filter>submodules\embree</Filter>
    </ClInclude>
    <ClInclude Include="..\submodules\embree\embree-3.10.0.x64.vc14.windows\include\embree3\rtcore_scene.h">
      <Filter>submodules\embree</Filter>
    </ClInclude>
    <ClInclude Include="..\src\rendering\librtc.h">
      <Filter>Source Files\rendering</Filter>
    </ClInclude>
    <ClInclude Include="..\src\containers\table.h">
      <Filter>Source Files\containers</Filter>
    </ClInclude>
    <ClInclude Include="..\src\containers\sset.h">
      <Filter>Source Files\containers</Filter>
    </ClInclude>
    <ClInclude Include="..\src\math\area.h">
      <Filter>Source Files\math</Filter>
    </ClInclude>
    <ClInclude Include="..\src\rendering\rtcdraw.h">
      <Filter>Source Files\rendering</Filter>
    </ClInclude>
    <ClInclude Include="..\src\math\atmosphere.h">
      <Filter>Source Files\math</Filter>
    </ClInclude>
    <ClInclude Include="..\src\rendering\mipmap.h">
      <Filter>Source Files\rendering</Filter>
    </ClInclude>
    <ClInclude Include="..\src\rendering\exposure.h">
      <Filter>Source Files\rendering</Filter>
    </ClInclude>
    <ClInclude Include="..\src\math\sh.h">
      <Filter>Source Files\math</Filter>
    </ClInclude>
    <ClInclude Include="..\src\math\box.h">
      <Filter>Source Files\math</Filter>
    </ClInclude>
    <ClInclude Include="..\src\math\dist1d.h">
      <Filter>Source Files\math</Filter>
    </ClInclude>
    <ClInclude Include="..\src\math\grid.h">
      <Filter>Source Files\math</Filter>
    </ClInclude>
    <ClInclude Include="..\src\stb\stb_perlin_fork.h">
      <Filter>Source Files\stb</Filter>
    </ClInclude>
    <ClInclude Include="..\src\common\serialize.h">
      <Filter>Source Files\common</Filter>
    </ClInclude>
    <ClInclude Include="..\src\logic\progs.h">
      <Filter>Source Files\logic</Filter>
    </ClInclude>
    <ClInclude Include="..\src\common\dbytes.h">
      <Filter>Source Files\common</Filter>
    </ClInclude>
    <ClInclude Include="..\src\rendering\vulkan\vkr_debug.h">
      <Filter>Source Files\rendering\vulkan</Filter>
    </ClInclude>
    <ClInclude Include="..\src\rendering\vulkan\vkr_device.h">
      <Filter>Source Files\rendering\vulkan</Filter>
    </ClInclude>
    <ClInclude Include="..\src\rendering\vulkan\vkr_swapchain.h">
      <Filter>Source Files\rendering\vulkan</Filter>
    </ClInclude>
    <ClInclude Include="..\src\rendering\vulkan\vkr_shader.h">
      <Filter>Source Files\rendering\vulkan</Filter>
    </ClInclude>
    <ClInclude Include="..\src\rendering\vulkan\vkr_pipeline.h">
      <Filter>Source Files\rendering\vulkan</Filter>
    </ClInclude>
    <ClInclude Include="..\src\rendering\vulkan\vkr_renderpass.h">
      <Filter>Source Files\rendering\vulkan</Filter>
    </ClInclude>
    <ClInclude Include="..\src\rendering\vulkan\vkr_compile.h">
      <Filter>Source Files\rendering\vulkan</Filter>
    </ClInclude>
    <ClInclude Include="..\src\rendering\vulkan\vkr_display.h">
      <Filter>Source Files\rendering\vulkan</Filter>
    </ClInclude>
    <ClInclude Include="..\src\rendering\vulkan\vkr_instance.h">
      <Filter>Source Files\rendering\vulkan</Filter>
    </ClInclude>
    <ClInclude Include="..\src\rendering\vulkan\vkr_queue.h">
      <Filter>Source Files\rendering\vulkan</Filter>
    </ClInclude>
    <ClInclude Include="..\src\rendering\vulkan\vkr_cmd.h">
      <Filter>Source Files\rendering\vulkan</Filter>
    </ClInclude>
    <ClInclude Include="..\src\rendering\vulkan\vkr_sync.h">
      <Filter>Source Files\rendering\vulkan</Filter>
    </ClInclude>
    <ClInclude Include="..\submodules\VulkanMemoryAllocator\src\vk_mem_alloc.h">
      <Filter>submodules\vma</Filter>
    </ClInclude>
    <ClInclude Include="..\src\rendering\vulkan\vkr_mem.h">
      <Filter>Source Files\rendering\vulkan</Filter>
    </ClInclude>
    <ClInclude Include="..\src\rendering\vulkan\vkr_mesh.h">
      <Filter>Source Files\rendering\vulkan</Filter>
    </ClInclude>
    <ClInclude Include="..\src\rendering\vulkan\vkr_context.h">
      <Filter>Source Files\rendering\vulkan</Filter>
    </ClInclude>
    <ClInclude Include="..\src\rendering\vulkan\vkr_desc.h">
      <Filter>Source Files\rendering\vulkan</Filter>
    </ClInclude>
    <ClInclude Include="..\src\rendering\vulkan\vkr_texture.h">
      <Filter>Source Files\rendering\vulkan</Filter>
    </ClInclude>
    <ClInclude Include="..\src\rendering\vulkan\vkr_attachment.h">
      <Filter>Source Files\rendering\vulkan</Filter>
    </ClInclude>
    <ClInclude Include="..\src\rendering\vulkan\vkr_image.h">
      <Filter>Source Files\rendering\vulkan</Filter>
    </ClInclude>
    <ClInclude Include="..\src\rendering\vulkan\vkr_buffer.h">
      <Filter>Source Files\rendering\vulkan</Filter>
    </ClInclude>
    <ClInclude Include="..\src\rendering\vulkan\vkr_mainpass.h">
      <Filter>Source Files\rendering\vulkan</Filter>
    </ClInclude>
    <ClInclude Include="..\src\rendering\vulkan\vkr_imgui.h">
      <Filter>Source Files\rendering\vulkan</Filter>
    </ClInclude>
  </ItemGroup>
  <ItemGroup>
    <Natvis Include="natvis\tables.natvis">
      <Filter>natvis</Filter>
    </Natvis>
    <Natvis Include="natvis\table.natvis">
      <Filter>natvis</Filter>
    </Natvis>
    <Natvis Include="natvis\row.natvis">
      <Filter>natvis</Filter>
    </Natvis>
  </ItemGroup>
  <ItemGroup>
    <None Include="..\src\tools\prehash.py">
      <Filter>Source Files\tools</Filter>
    </None>
  </ItemGroup>
  <ItemGroup>
    <FxCompile Include="..\src\shaders\first_tri.hlsl">
      <Filter>Source Files\shaders</Filter>
    </FxCompile>
    <FxCompile Include="..\src\shaders\first_mesh.hlsl">
      <Filter>Source Files\shaders</Filter>
    </FxCompile>
    <FxCompile Include="..\src\shaders\brush.hlsl">
      <Filter>Source Files\shaders</Filter>
    </FxCompile>
    <FxCompile Include="..\src\shaders\screenblit.hlsl">
      <Filter>Source Files\shaders</Filter>
    </FxCompile>
  </ItemGroup>
</Project>