<?xml version="1.0" encoding="utf-8"?>
<Project ToolsVersion="4.0" xmlns="http://schemas.microsoft.com/developer/msbuild/2003">
  <ItemGroup>
    <Filter Include="Source Files">
      <UniqueIdentifier>{4FC737F1-C7A5-4376-A066-2A32D752A2FF}</UniqueIdentifier>
      <Extensions>cpp;c;cc;cxx;def;odl;idl;hpj;bat;asm;asmx</Extensions>
    </Filter>
    <Filter Include="Source Files\common">
      <UniqueIdentifier>{63b2fe11-967e-4d26-ad90-abfd1edb3468}</UniqueIdentifier>
    </Filter>
    <Filter Include="Source Files\sokol">
      <UniqueIdentifier>{c55cea29-e2d9-476d-a3f9-64a94aec9d06}</UniqueIdentifier>
    </Filter>
    <Filter Include="submodules">
      <UniqueIdentifier>{16cc4582-6d40-4e75-84b8-b654f5602d70}</UniqueIdentifier>
    </Filter>
    <Filter Include="submodules\imgui">
      <UniqueIdentifier>{dd3c0200-6c30-4b09-ba89-e88293a27d29}</UniqueIdentifier>
    </Filter>
    <Filter Include="submodules\stb">
      <UniqueIdentifier>{a02ea6b3-ea73-4802-a89e-994e38e80b5f}</UniqueIdentifier>
    </Filter>
    <Filter Include="submodules\sokol">
      <UniqueIdentifier>{a9ae11e8-70be-4954-a463-5fa53a8e6076}</UniqueIdentifier>
    </Filter>
    <Filter Include="submodules\sokol\util">
      <UniqueIdentifier>{79f5df7b-4b89-46c0-ac8d-bee1a533d915}</UniqueIdentifier>
    </Filter>
    <Filter Include="natvis">
      <UniqueIdentifier>{e966c196-540e-4e4f-b01f-f68c039cec72}</UniqueIdentifier>
    </Filter>
    <Filter Include="Source Files\shaders">
      <UniqueIdentifier>{ca7a580f-e677-45cc-a7b1-179614a1be50}</UniqueIdentifier>
    </Filter>
    <Filter Include="submodules\pcg32">
      <UniqueIdentifier>{415601ef-5c67-46f4-9c5f-ed59be6222f4}</UniqueIdentifier>
    </Filter>
    <Filter Include="Source Files\os">
      <UniqueIdentifier>{37418151-53ed-48de-bfa8-eb5f9777bf7a}</UniqueIdentifier>
    </Filter>
    <Filter Include="Source Files\containers">
      <UniqueIdentifier>{0471c703-b4a0-48b2-a88b-17e1c2ff16cf}</UniqueIdentifier>
    </Filter>
    <Filter Include="Source Files\quake">
      <UniqueIdentifier>{3c58da36-bb0b-4a52-a788-6b425c649ac6}</UniqueIdentifier>
    </Filter>
    <Filter Include="Source Files\ui">
      <UniqueIdentifier>{20e9139f-eaf6-4e26-8e94-fd200334aaef}</UniqueIdentifier>
    </Filter>
    <Filter Include="submodules\miniz">
      <UniqueIdentifier>{8ae0fe3d-e5d0-49ee-848a-279491037880}</UniqueIdentifier>
    </Filter>
    <Filter Include="Source Files\math">
      <UniqueIdentifier>{271e761d-17f4-4faa-9c1f-7f758b86cb0e}</UniqueIdentifier>
    </Filter>
    <Filter Include="Source Files\components">
      <UniqueIdentifier>{fb33a5cf-c0cf-428a-923f-9cd6261e1e5a}</UniqueIdentifier>
    </Filter>
    <Filter Include="Source Files\audio">
      <UniqueIdentifier>{a6ffd75a-038e-4c61-a4a3-ff4d0a4983ee}</UniqueIdentifier>
    </Filter>
    <Filter Include="Source Files\input">
      <UniqueIdentifier>{07dbe64d-6caf-45d7-be29-22b7f8513f5a}</UniqueIdentifier>
    </Filter>
    <Filter Include="Source Files\physics">
      <UniqueIdentifier>{5e2003fa-f9d6-4806-bd43-89ab02aca189}</UniqueIdentifier>
    </Filter>
    <Filter Include="Source Files\rendering">
      <UniqueIdentifier>{2eef6a91-18fc-4cdd-bb98-7d10c2a37c19}</UniqueIdentifier>
    </Filter>
    <Filter Include="Source Files\threading">
      <UniqueIdentifier>{72b4bbbe-00bd-454a-9e8c-ec4674c3d58c}</UniqueIdentifier>
    </Filter>
    <Filter Include="Source Files\time">
      <UniqueIdentifier>{13d824aa-a38c-4e7f-8755-0d56bf2e214e}</UniqueIdentifier>
    </Filter>
    <Filter Include="Source Files\allocator">
      <UniqueIdentifier>{ea6d353a-3b51-48c5-bfb7-d0d4f11eddc0}</UniqueIdentifier>
    </Filter>
    <Filter Include="Source Files\assets">
      <UniqueIdentifier>{4d54bb06-ee32-4c09-a404-749041fe8847}</UniqueIdentifier>
    </Filter>
    <Filter Include="Source Files\typeinfo">
      <UniqueIdentifier>{df2c963e-08b3-4425-95e4-c97c532f2127}</UniqueIdentifier>
    </Filter>
    <Filter Include="Source Files\geometry">
      <UniqueIdentifier>{b7d1122f-5798-4b19-8920-edcd7dad3554}</UniqueIdentifier>
    </Filter>
  </ItemGroup>
  <ItemGroup>
    <ClCompile Include="..\src\main.cpp">
      <Filter>Source Files</Filter>
    </ClCompile>
    <ClCompile Include="..\src\sokol\sokol_app.c">
      <Filter>Source Files\sokol</Filter>
    </ClCompile>
    <ClCompile Include="..\src\sokol\sokol_audio.c">
      <Filter>Source Files\sokol</Filter>
    </ClCompile>
    <ClCompile Include="..\src\sokol\sokol_time.c">
      <Filter>Source Files\sokol</Filter>
    </ClCompile>
    <ClCompile Include="..\submodules\imgui\imgui.cpp">
      <Filter>submodules\imgui</Filter>
    </ClCompile>
    <ClCompile Include="..\submodules\imgui\imgui_demo.cpp">
      <Filter>submodules\imgui</Filter>
    </ClCompile>
    <ClCompile Include="..\submodules\imgui\imgui_draw.cpp">
      <Filter>submodules\imgui</Filter>
    </ClCompile>
    <ClCompile Include="..\submodules\imgui\imgui_widgets.cpp">
      <Filter>submodules\imgui</Filter>
    </ClCompile>
    <ClCompile Include="..\submodules\stb\stb_vorbis.c">
      <Filter>submodules\stb</Filter>
    </ClCompile>
    <ClCompile Include="..\src\sokol\sokol_imgui.cpp">
      <Filter>Source Files\sokol</Filter>
    </ClCompile>
    <ClCompile Include="..\src\common\random.cpp">
      <Filter>Source Files\common</Filter>
    </ClCompile>
    <ClCompile Include="..\src\os\socket_win32.cpp">
      <Filter>Source Files\os</Filter>
    </ClCompile>
    <ClCompile Include="..\src\os\thread_win32.cpp">
      <Filter>Source Files\os</Filter>
    </ClCompile>
    <ClCompile Include="..\src\common\io.cpp">
      <Filter>Source Files\common</Filter>
    </ClCompile>
    <ClCompile Include="..\src\quake\packfile.cpp">
      <Filter>Source Files\quake</Filter>
    </ClCompile>
    <ClCompile Include="..\submodules\miniz\miniz.c">
      <Filter>submodules\miniz</Filter>
    </ClCompile>
    <ClCompile Include="..\src\common\stringutil.cpp">
      <Filter>Source Files\common</Filter>
    </ClCompile>
    <ClCompile Include="..\src\common\hashstring.cpp">
      <Filter>Source Files\common</Filter>
    </ClCompile>
    <ClCompile Include="..\src\audio\audio_system.cpp">
      <Filter>Source Files\audio</Filter>
    </ClCompile>
    <ClCompile Include="..\src\components\ecs.cpp">
      <Filter>Source Files\components</Filter>
    </ClCompile>
    <ClCompile Include="..\src\input\input_system.cpp">
      <Filter>Source Files\input</Filter>
    </ClCompile>
    <ClCompile Include="..\src\rendering\render_system.cpp">
      <Filter>Source Files\rendering</Filter>
    </ClCompile>
    <ClCompile Include="..\src\threading\task_system.cpp">
      <Filter>Source Files\threading</Filter>
    </ClCompile>
    <ClCompile Include="..\src\time\time_system.cpp">
      <Filter>Source Files\time</Filter>
    </ClCompile>
    <ClCompile Include="..\src\systems.cpp">
      <Filter>Source Files</Filter>
    </ClCompile>
    <ClCompile Include="..\src\rendering\mesh.cpp">
      <Filter>Source Files\rendering</Filter>
    </ClCompile>
    <ClCompile Include="..\src\rendering\material.cpp">
      <Filter>Source Files\rendering</Filter>
    </ClCompile>
    <ClCompile Include="..\src\common\guid.cpp">
      <Filter>Source Files\common</Filter>
    </ClCompile>
    <ClCompile Include="..\src\allocator\allocator.cpp">
      <Filter>Source Files\allocator</Filter>
    </ClCompile>
    <ClCompile Include="..\src\assets\asset_system.cpp">
      <Filter>Source Files\assets</Filter>
    </ClCompile>
    <ClCompile Include="..\src\common\type.cpp">
      <Filter>Source Files\common</Filter>
    </ClCompile>
    <ClCompile Include="..\src\typeinfo\basic_types.cpp">
      <Filter>Source Files\typeinfo</Filter>
    </ClCompile>
  </ItemGroup>
  <ItemGroup>
    <ClInclude Include="..\src\common\hash.h">
      <Filter>Source Files\common</Filter>
    </ClInclude>
    <ClInclude Include="..\src\common\int_types.h">
      <Filter>Source Files\common</Filter>
    </ClInclude>
    <ClInclude Include="..\src\common\macro.h">
      <Filter>Source Files\common</Filter>
    </ClInclude>
    <ClInclude Include="..\submodules\sokol\sokol_app.h">
      <Filter>submodules\sokol</Filter>
    </ClInclude>
    <ClInclude Include="..\submodules\sokol\sokol_args.h">
      <Filter>submodules\sokol</Filter>
    </ClInclude>
    <ClInclude Include="..\submodules\sokol\sokol_audio.h">
      <Filter>submodules\sokol</Filter>
    </ClInclude>
    <ClInclude Include="..\submodules\sokol\sokol_fetch.h">
      <Filter>submodules\sokol</Filter>
    </ClInclude>
    <ClInclude Include="..\submodules\sokol\sokol_gfx.h">
      <Filter>submodules\sokol</Filter>
    </ClInclude>
    <ClInclude Include="..\submodules\sokol\sokol_time.h">
      <Filter>submodules\sokol</Filter>
    </ClInclude>
    <ClInclude Include="..\submodules\sokol\util\sokol_cimgui.h">
      <Filter>submodules\sokol\util</Filter>
    </ClInclude>
    <ClInclude Include="..\submodules\sokol\util\sokol_gfx_cimgui.h">
      <Filter>submodules\sokol\util</Filter>
    </ClInclude>
    <ClInclude Include="..\submodules\sokol\util\sokol_gfx_imgui.h">
      <Filter>submodules\sokol\util</Filter>
    </ClInclude>
    <ClInclude Include="..\submodules\sokol\util\sokol_gl.h">
      <Filter>submodules\sokol\util</Filter>
    </ClInclude>
    <ClInclude Include="..\submodules\sokol\util\sokol_imgui.h">
      <Filter>submodules\sokol\util</Filter>
    </ClInclude>
    <ClInclude Include="..\submodules\imgui\imconfig.h">
      <Filter>submodules\imgui</Filter>
    </ClInclude>
    <ClInclude Include="..\submodules\imgui\imgui.h">
      <Filter>submodules\imgui</Filter>
    </ClInclude>
    <ClInclude Include="..\submodules\imgui\imgui_internal.h">
      <Filter>submodules\imgui</Filter>
    </ClInclude>
    <ClInclude Include="..\submodules\imgui\imstb_rectpack.h">
      <Filter>submodules\imgui</Filter>
    </ClInclude>
    <ClInclude Include="..\submodules\imgui\imstb_textedit.h">
      <Filter>submodules\imgui</Filter>
    </ClInclude>
    <ClInclude Include="..\submodules\imgui\imstb_truetype.h">
      <Filter>submodules\imgui</Filter>
    </ClInclude>
    <ClInclude Include="..\submodules\stb\stb.h">
      <Filter>submodules\stb</Filter>
    </ClInclude>
    <ClInclude Include="..\submodules\stb\stb_c_lexer.h">
      <Filter>submodules\stb</Filter>
    </ClInclude>
    <ClInclude Include="..\submodules\stb\stb_connected_components.h">
      <Filter>submodules\stb</Filter>
    </ClInclude>
    <ClInclude Include="..\submodules\stb\stb_divide.h">
      <Filter>submodules\stb</Filter>
    </ClInclude>
    <ClInclude Include="..\submodules\stb\stb_ds.h">
      <Filter>submodules\stb</Filter>
    </ClInclude>
    <ClInclude Include="..\submodules\stb\stb_dxt.h">
      <Filter>submodules\stb</Filter>
    </ClInclude>
    <ClInclude Include="..\submodules\stb\stb_easy_font.h">
      <Filter>submodules\stb</Filter>
    </ClInclude>
    <ClInclude Include="..\submodules\stb\stb_herringbone_wang_tile.h">
      <Filter>submodules\stb</Filter>
    </ClInclude>
    <ClInclude Include="..\submodules\stb\stb_image.h">
      <Filter>submodules\stb</Filter>
    </ClInclude>
    <ClInclude Include="..\submodules\stb\stb_image_resize.h">
      <Filter>submodules\stb</Filter>
    </ClInclude>
    <ClInclude Include="..\submodules\stb\stb_image_write.h">
      <Filter>submodules\stb</Filter>
    </ClInclude>
    <ClInclude Include="..\submodules\stb\stb_include.h">
      <Filter>submodules\stb</Filter>
    </ClInclude>
    <ClInclude Include="..\submodules\stb\stb_leakcheck.h">
      <Filter>submodules\stb</Filter>
    </ClInclude>
    <ClInclude Include="..\submodules\stb\stb_perlin.h">
      <Filter>submodules\stb</Filter>
    </ClInclude>
    <ClInclude Include="..\submodules\stb\stb_rect_pack.h">
      <Filter>submodules\stb</Filter>
    </ClInclude>
    <ClInclude Include="..\submodules\stb\stb_sprintf.h">
      <Filter>submodules\stb</Filter>
    </ClInclude>
    <ClInclude Include="..\submodules\stb\stb_textedit.h">
      <Filter>submodules\stb</Filter>
    </ClInclude>
    <ClInclude Include="..\submodules\stb\stb_tilemap_editor.h">
      <Filter>submodules\stb</Filter>
    </ClInclude>
    <ClInclude Include="..\submodules\stb\stb_truetype.h">
      <Filter>submodules\stb</Filter>
    </ClInclude>
    <ClInclude Include="..\submodules\stb\stb_voxel_render.h">
      <Filter>submodules\stb</Filter>
    </ClInclude>
    <ClInclude Include="..\submodules\stb\stretchy_buffer.h">
      <Filter>submodules\stb</Filter>
    </ClInclude>
    <ClInclude Include="..\src\sokol\sokol_backend.h">
      <Filter>Source Files\sokol</Filter>
    </ClInclude>
    <ClInclude Include="..\src\common\stringutil.h">
      <Filter>Source Files\common</Filter>
    </ClInclude>
    <ClInclude Include="..\submodules\pcg32\pcg32.h">
      <Filter>submodules\pcg32</Filter>
    </ClInclude>
    <ClInclude Include="..\src\common\random.h">
      <Filter>Source Files\common</Filter>
    </ClInclude>
    <ClInclude Include="..\src\os\socket.h">
      <Filter>Source Files\os</Filter>
    </ClInclude>
    <ClInclude Include="..\src\os\thread.h">
      <Filter>Source Files\os</Filter>
    </ClInclude>
    <ClInclude Include="..\src\containers\array.h">
      <Filter>Source Files\containers</Filter>
    </ClInclude>
    <ClInclude Include="..\src\containers\ring.h">
      <Filter>Source Files\containers</Filter>
    </ClInclude>
    <ClInclude Include="..\src\containers\slice.h">
      <Filter>Source Files\containers</Filter>
    </ClInclude>
    <ClInclude Include="..\src\quake\bspfile.h">
      <Filter>Source Files\quake</Filter>
    </ClInclude>
    <ClInclude Include="..\src\quake\packfile.h">
      <Filter>Source Files\quake</Filter>
    </ClInclude>
    <ClInclude Include="..\src\common\io.h">
      <Filter>Source Files\common</Filter>
    </ClInclude>
    <ClInclude Include="..\src\ui\imgui.h">
      <Filter>Source Files\ui</Filter>
    </ClInclude>
    <ClInclude Include="..\src\ui\imconfig.h">
      <Filter>Source Files\ui</Filter>
    </ClInclude>
    <ClInclude Include="..\src\common\hashstring.h">
      <Filter>Source Files\common</Filter>
    </ClInclude>
    <ClInclude Include="..\submodules\miniz\miniz.h">
      <Filter>submodules\miniz</Filter>
    </ClInclude>
    <ClInclude Include="..\src\common\text.h">
      <Filter>Source Files\common</Filter>
    </ClInclude>
    <ClInclude Include="..\src\common\apply.h">
      <Filter>Source Files\common</Filter>
    </ClInclude>
    <ClInclude Include="..\src\common\find.h">
      <Filter>Source Files\common</Filter>
    </ClInclude>
    <ClInclude Include="..\src\math\mat_types.h">
      <Filter>Source Files\math</Filter>
    </ClInclude>
    <ClInclude Include="..\src\math\math.h">
      <Filter>Source Files\math</Filter>
    </ClInclude>
    <ClInclude Include="..\src\math\vec_types.h">
      <Filter>Source Files\math</Filter>
    </ClInclude>
    <ClInclude Include="..\src\math\vec_ops.h">
      <Filter>Source Files\math</Filter>
    </ClInclude>
    <ClInclude Include="..\src\math\vec_funcs.h">
      <Filter>Source Files\math</Filter>
    </ClInclude>
    <ClInclude Include="..\src\math\mat_ops.h">
      <Filter>Source Files\math</Filter>
    </ClInclude>
    <ClInclude Include="..\src\math\mat_funcs.h">
      <Filter>Source Files\math</Filter>
    </ClInclude>
    <ClInclude Include="..\src\common\unroll.h">
      <Filter>Source Files\common</Filter>
    </ClInclude>
    <ClInclude Include="..\src\components\transform.h">
      <Filter>Source Files\components</Filter>
    </ClInclude>
    <ClInclude Include="..\src\components\entity.h">
      <Filter>Source Files\components</Filter>
    </ClInclude>
    <ClInclude Include="..\src\containers\bitfield.h">
      <Filter>Source Files\containers</Filter>
    </ClInclude>
    <ClInclude Include="..\src\audio\audio_system.h">
      <Filter>Source Files\audio</Filter>
    </ClInclude>
    <ClInclude Include="..\src\components\ecs.h">
      <Filter>Source Files\components</Filter>
    </ClInclude>
    <ClInclude Include="..\src\input\input_system.h">
      <Filter>Source Files\input</Filter>
    </ClInclude>
    <ClInclude Include="..\src\rendering\render_system.h">
      <Filter>Source Files\rendering</Filter>
    </ClInclude>
    <ClInclude Include="..\src\threading\task_system.h">
      <Filter>Source Files\threading</Filter>
    </ClInclude>
    <ClInclude Include="..\src\time\time_system.h">
      <Filter>Source Files\time</Filter>
    </ClInclude>
    <ClInclude Include="..\src\systems.h">
      <Filter>Source Files</Filter>
    </ClInclude>
    <ClInclude Include="..\src\rendering\mesh.h">
      <Filter>Source Files\rendering</Filter>
    </ClInclude>
    <ClInclude Include="..\src\common\guid.h">
      <Filter>Source Files\common</Filter>
    </ClInclude>
    <ClInclude Include="..\src\rendering\material.h">
      <Filter>Source Files\rendering</Filter>
    </ClInclude>
    <ClInclude Include="..\src\components\component.h">
      <Filter>Source Files\components</Filter>
    </ClInclude>
    <ClInclude Include="..\src\containers\initlist.h">
      <Filter>Source Files\containers</Filter>
    </ClInclude>
    <ClInclude Include="..\src\allocator\allocator.h">
      <Filter>Source Files\allocator</Filter>
    </ClInclude>
    <ClInclude Include="..\src\allocator\linear_allocator.h">
      <Filter>Source Files\allocator</Filter>
    </ClInclude>
    <ClInclude Include="..\src\allocator\pool_allocator.h">
      <Filter>Source Files\allocator</Filter>
    </ClInclude>
    <ClInclude Include="..\src\allocator\stack_allocator.h">
      <Filter>Source Files\allocator</Filter>
    </ClInclude>
    <ClInclude Include="..\src\allocator\stdlib_allocator.h">
      <Filter>Source Files\allocator</Filter>
    </ClInclude>
    <ClInclude Include="..\src\assets\asset_system.h">
      <Filter>Source Files\assets</Filter>
    </ClInclude>
    <ClInclude Include="..\src\common\strhash.h">
      <Filter>Source Files\common</Filter>
    </ClInclude>
    <ClInclude Include="..\src\common\chunk_allocator.h">
      <Filter>Source Files\common</Filter>
    </ClInclude>
    <ClInclude Include="..\src\common\type.h">
      <Filter>Source Files\common</Filter>
    </ClInclude>
    <ClInclude Include="..\src\common\valist.h">
      <Filter>Source Files\common</Filter>
    </ClInclude>
    <ClInclude Include="..\src\common\round.h">
      <Filter>Source Files\common</Filter>
    </ClInclude>
    <ClInclude Include="..\src\common\minmax.h">
      <Filter>Source Files\common</Filter>
    </ClInclude>
    <ClInclude Include="..\src\common\typedecl.h">
      <Filter>Source Files\common</Filter>
    </ClInclude>
    <ClInclude Include="..\src\common\typeid.h">
      <Filter>Source Files\common</Filter>
    </ClInclude>
    <ClInclude Include="..\src\allocator\allocator_vtable.h">
      <Filter>Source Files\allocator</Filter>
    </ClInclude>
    <ClInclude Include="..\src\allocator\allocators.h">
      <Filter>Source Files\allocator</Filter>
    </ClInclude>
    <ClInclude Include="..\src\containers\generational.h">
      <Filter>Source Files\containers</Filter>
    </ClInclude>
    <ClInclude Include="..\src\common\sort.h">
      <Filter>Source Files\common</Filter>
    </ClInclude>
    <ClInclude Include="..\src\components\all.h">
      <Filter>Source Files\components</Filter>
    </ClInclude>
    <ClInclude Include="..\src\components\common.h">
      <Filter>Source Files\components</Filter>
    </ClInclude>
    <ClInclude Include="..\src\rendering\components.h">
      <Filter>Source Files\rendering</Filter>
    </ClInclude>
    <ClInclude Include="..\src\geometry\types.h">
      <Filter>Source Files\geometry</Filter>
    </ClInclude>
    <ClInclude Include="..\src\geometry\distance.h">
      <Filter>Source Files\geometry</Filter>
    </ClInclude>
    <ClInclude Include="..\src\physics\components.h">
      <Filter>Source Files\physics</Filter>
    </ClInclude>
    <ClInclude Include="..\src\audio\components.h">
      <Filter>Source Files\audio</Filter>
    </ClInclude>
    <ClInclude Include="..\src\containers\hash_set.h">
      <Filter>Source Files\containers</Filter>
    </ClInclude>
    <ClInclude Include="..\src\common\comparator.h">
      <Filter>Source Files\common</Filter>
    </ClInclude>
  </ItemGroup>
  <ItemGroup>
    <Natvis Include="natvis\array.natvis">
      <Filter>natvis</Filter>
    </Natvis>
    <Natvis Include="natvis\dict.natvis">
      <Filter>natvis</Filter>
    </Natvis>
    <Natvis Include="natvis\slice.natvis">
      <Filter>natvis</Filter>
    </Natvis>
    <Natvis Include="chunkallocator.natvis">
      <Filter>natvis</Filter>
    </Natvis>
  </ItemGroup>
  <ItemGroup>
    <FxCompile Include="..\src\shaders\example_vs.hlsl">
      <Filter>Source Files\shaders</Filter>
    </FxCompile>
    <FxCompile Include="..\src\shaders\transforms.hlsl">
      <Filter>Source Files\shaders</Filter>
    </FxCompile>
    <FxCompile Include="..\src\shaders\example_input.hlsl">
      <Filter>Source Files\shaders</Filter>
    </FxCompile>
    <FxCompile Include="..\src\shaders\quat.hlsl">
      <Filter>Source Files\shaders</Filter>
    </FxCompile>
  </ItemGroup>
</Project>